// !$*UTF8*$!
{
	archiveVersion = 1;
	classes = {
	};
	objectVersion = 50;
	objects = {

/* Begin PBXBuildFile section */
		22C6729E23748ADA0026C852 /* LocationViewController.swift in Sources */ = {isa = PBXBuildFile; fileRef = 22C6729D23748ADA0026C852 /* LocationViewController.swift */; };
		22E7A88323AC312C00032434 /* ClothingCache.swift in Sources */ = {isa = PBXBuildFile; fileRef = 22E7A88223AC312C00032434 /* ClothingCache.swift */; };
		22E7A88523B1B80900032434 /* AllClothingViewController.swift in Sources */ = {isa = PBXBuildFile; fileRef = 22E7A88423B1B80900032434 /* AllClothingViewController.swift */; };
		22E7A88723B422DD00032434 /* DeveloperToolsViewController.swift in Sources */ = {isa = PBXBuildFile; fileRef = 22E7A88623B422DD00032434 /* DeveloperToolsViewController.swift */; };
		22EEDC6723664473002C3CCB /* AppDelegate.swift in Sources */ = {isa = PBXBuildFile; fileRef = 22EEDC6623664473002C3CCB /* AppDelegate.swift */; };
		22EEDC6923664473002C3CCB /* SceneDelegate.swift in Sources */ = {isa = PBXBuildFile; fileRef = 22EEDC6823664473002C3CCB /* SceneDelegate.swift */; };
		22EEDC6B23664473002C3CCB /* ViewController.swift in Sources */ = {isa = PBXBuildFile; fileRef = 22EEDC6A23664473002C3CCB /* ViewController.swift */; };
		22EEDC6E23664473002C3CCB /* Main.storyboard in Resources */ = {isa = PBXBuildFile; fileRef = 22EEDC6C23664473002C3CCB /* Main.storyboard */; };
		22EEDC7123664473002C3CCB /* Weather.xcdatamodeld in Sources */ = {isa = PBXBuildFile; fileRef = 22EEDC6F23664473002C3CCB /* Weather.xcdatamodeld */; };
		22EEDC7323664475002C3CCB /* Assets.xcassets in Resources */ = {isa = PBXBuildFile; fileRef = 22EEDC7223664475002C3CCB /* Assets.xcassets */; };
		22EEDC7623664475002C3CCB /* LaunchScreen.storyboard in Resources */ = {isa = PBXBuildFile; fileRef = 22EEDC7423664475002C3CCB /* LaunchScreen.storyboard */; };
		22EEDC8123664475002C3CCB /* WeatherTests.swift in Sources */ = {isa = PBXBuildFile; fileRef = 22EEDC8023664475002C3CCB /* WeatherTests.swift */; };
		22FFB14423AC1344006DBECB /* WeatherViewController.swift in Sources */ = {isa = PBXBuildFile; fileRef = 22FFB14323AC1344006DBECB /* WeatherViewController.swift */; };
		22FFB14623AC1391006DBECB /* AddClothingViewController.swift in Sources */ = {isa = PBXBuildFile; fileRef = 22FFB14523AC1391006DBECB /* AddClothingViewController.swift */; };
/* End PBXBuildFile section */

/* Begin PBXContainerItemProxy section */
		22EEDC7D23664475002C3CCB /* PBXContainerItemProxy */ = {
			isa = PBXContainerItemProxy;
			containerPortal = 22EEDC5B23664472002C3CCB /* Project object */;
			proxyType = 1;
			remoteGlobalIDString = 22EEDC6223664472002C3CCB;
			remoteInfo = Weather;
		};
/* End PBXContainerItemProxy section */

/* Begin PBXFileReference section */
		22C6729D23748ADA0026C852 /* LocationViewController.swift */ = {isa = PBXFileReference; lastKnownFileType = sourcecode.swift; path = LocationViewController.swift; sourceTree = "<group>"; };
		22E7A88223AC312C00032434 /* ClothingCache.swift */ = {isa = PBXFileReference; lastKnownFileType = sourcecode.swift; path = ClothingCache.swift; sourceTree = "<group>"; };
		22E7A88423B1B80900032434 /* AllClothingViewController.swift */ = {isa = PBXFileReference; lastKnownFileType = sourcecode.swift; path = AllClothingViewController.swift; sourceTree = "<group>"; };
		22E7A88623B422DD00032434 /* DeveloperToolsViewController.swift */ = {isa = PBXFileReference; lastKnownFileType = sourcecode.swift; path = DeveloperToolsViewController.swift; sourceTree = "<group>"; };
		22EEDC6323664473002C3CCB /* Weather.app */ = {isa = PBXFileReference; explicitFileType = wrapper.application; includeInIndex = 0; path = Weather.app; sourceTree = BUILT_PRODUCTS_DIR; };
		22EEDC6623664473002C3CCB /* AppDelegate.swift */ = {isa = PBXFileReference; lastKnownFileType = sourcecode.swift; path = AppDelegate.swift; sourceTree = "<group>"; };
		22EEDC6823664473002C3CCB /* SceneDelegate.swift */ = {isa = PBXFileReference; lastKnownFileType = sourcecode.swift; path = SceneDelegate.swift; sourceTree = "<group>"; };
		22EEDC6A23664473002C3CCB /* ViewController.swift */ = {isa = PBXFileReference; lastKnownFileType = sourcecode.swift; path = ViewController.swift; sourceTree = "<group>"; };
		22EEDC6D23664473002C3CCB /* Base */ = {isa = PBXFileReference; lastKnownFileType = file.storyboard; name = Base; path = Base.lproj/Main.storyboard; sourceTree = "<group>"; };
		22EEDC7023664473002C3CCB /* Weather.xcdatamodel */ = {isa = PBXFileReference; lastKnownFileType = wrapper.xcdatamodel; path = Weather.xcdatamodel; sourceTree = "<group>"; };
		22EEDC7223664475002C3CCB /* Assets.xcassets */ = {isa = PBXFileReference; lastKnownFileType = folder.assetcatalog; path = Assets.xcassets; sourceTree = "<group>"; };
		22EEDC7523664475002C3CCB /* Base */ = {isa = PBXFileReference; lastKnownFileType = file.storyboard; name = Base; path = Base.lproj/LaunchScreen.storyboard; sourceTree = "<group>"; };
		22EEDC7723664475002C3CCB /* Info.plist */ = {isa = PBXFileReference; lastKnownFileType = text.plist.xml; path = Info.plist; sourceTree = "<group>"; };
		22EEDC7C23664475002C3CCB /* WeatherTests.xctest */ = {isa = PBXFileReference; explicitFileType = wrapper.cfbundle; includeInIndex = 0; path = WeatherTests.xctest; sourceTree = BUILT_PRODUCTS_DIR; };
		22EEDC8023664475002C3CCB /* WeatherTests.swift */ = {isa = PBXFileReference; lastKnownFileType = sourcecode.swift; path = WeatherTests.swift; sourceTree = "<group>"; };
		22EEDC8223664475002C3CCB /* Info.plist */ = {isa = PBXFileReference; lastKnownFileType = text.plist.xml; path = Info.plist; sourceTree = "<group>"; };
		22FFB14323AC1344006DBECB /* WeatherViewController.swift */ = {isa = PBXFileReference; lastKnownFileType = sourcecode.swift; path = WeatherViewController.swift; sourceTree = "<group>"; };
		22FFB14523AC1391006DBECB /* AddClothingViewController.swift */ = {isa = PBXFileReference; lastKnownFileType = sourcecode.swift; path = AddClothingViewController.swift; sourceTree = "<group>"; };
/* End PBXFileReference section */

/* Begin PBXFrameworksBuildPhase section */
		22EEDC6023664472002C3CCB /* Frameworks */ = {
			isa = PBXFrameworksBuildPhase;
			buildActionMask = 2147483647;
			files = (
			);
			runOnlyForDeploymentPostprocessing = 0;
		};
		22EEDC7923664475002C3CCB /* Frameworks */ = {
			isa = PBXFrameworksBuildPhase;
			buildActionMask = 2147483647;
			files = (
			);
			runOnlyForDeploymentPostprocessing = 0;
		};
/* End PBXFrameworksBuildPhase section */

/* Begin PBXGroup section */
		22EEDC5A23664472002C3CCB = {
			isa = PBXGroup;
			children = (
				22EEDC6523664473002C3CCB /* Weather */,
				22EEDC7F23664475002C3CCB /* WeatherTests */,
				22EEDC6423664473002C3CCB /* Products */,
			);
			sourceTree = "<group>";
		};
		22EEDC6423664473002C3CCB /* Products */ = {
			isa = PBXGroup;
			children = (
				22EEDC6323664473002C3CCB /* Weather.app */,
				22EEDC7C23664475002C3CCB /* WeatherTests.xctest */,
			);
			name = Products;
			sourceTree = "<group>";
		};
		22EEDC6523664473002C3CCB /* Weather */ = {
			isa = PBXGroup;
			children = (
				22EEDC6623664473002C3CCB /* AppDelegate.swift */,
				22EEDC6823664473002C3CCB /* SceneDelegate.swift */,
				22EEDC6A23664473002C3CCB /* ViewController.swift */,
				22C6729D23748ADA0026C852 /* LocationViewController.swift */,
				22EEDC6C23664473002C3CCB /* Main.storyboard */,
				22EEDC7223664475002C3CCB /* Assets.xcassets */,
				22EEDC7423664475002C3CCB /* LaunchScreen.storyboard */,
				22EEDC7723664475002C3CCB /* Info.plist */,
				22EEDC6F23664473002C3CCB /* Weather.xcdatamodeld */,
				22FFB14323AC1344006DBECB /* WeatherViewController.swift */,
				22FFB14523AC1391006DBECB /* AddClothingViewController.swift */,
				22E7A88223AC312C00032434 /* ClothingCache.swift */,
				22E7A88423B1B80900032434 /* AllClothingViewController.swift */,
				22E7A88623B422DD00032434 /* DeveloperToolsViewController.swift */,
			);
			path = Weather;
			sourceTree = "<group>";
		};
		22EEDC7F23664475002C3CCB /* WeatherTests */ = {
			isa = PBXGroup;
			children = (
				22EEDC8023664475002C3CCB /* WeatherTests.swift */,
				22EEDC8223664475002C3CCB /* Info.plist */,
			);
			path = WeatherTests;
			sourceTree = "<group>";
		};
/* End PBXGroup section */

/* Begin PBXNativeTarget section */
		22EEDC6223664472002C3CCB /* Weather */ = {
			isa = PBXNativeTarget;
			buildConfigurationList = 22EEDC8523664475002C3CCB /* Build configuration list for PBXNativeTarget "Weather" */;
			buildPhases = (
				22EEDC5F23664472002C3CCB /* Sources */,
				22EEDC6023664472002C3CCB /* Frameworks */,
				22EEDC6123664472002C3CCB /* Resources */,
			);
			buildRules = (
			);
			dependencies = (
			);
			name = Weather;
			productName = Weather;
			productReference = 22EEDC6323664473002C3CCB /* Weather.app */;
			productType = "com.apple.product-type.application";
		};
		22EEDC7B23664475002C3CCB /* WeatherTests */ = {
			isa = PBXNativeTarget;
			buildConfigurationList = 22EEDC8823664475002C3CCB /* Build configuration list for PBXNativeTarget "WeatherTests" */;
			buildPhases = (
				22EEDC7823664475002C3CCB /* Sources */,
				22EEDC7923664475002C3CCB /* Frameworks */,
				22EEDC7A23664475002C3CCB /* Resources */,
			);
			buildRules = (
			);
			dependencies = (
				22EEDC7E23664475002C3CCB /* PBXTargetDependency */,
			);
			name = WeatherTests;
			productName = WeatherTests;
			productReference = 22EEDC7C23664475002C3CCB /* WeatherTests.xctest */;
			productType = "com.apple.product-type.bundle.unit-test";
		};
/* End PBXNativeTarget section */

/* Begin PBXProject section */
		22EEDC5B23664472002C3CCB /* Project object */ = {
			isa = PBXProject;
			attributes = {
				LastSwiftUpdateCheck = 1100;
				LastUpgradeCheck = 1100;
				ORGANIZATIONNAME = "Nitya Tarakad";
				TargetAttributes = {
					22EEDC6223664472002C3CCB = {
						CreatedOnToolsVersion = 11.0;
					};
					22EEDC7B23664475002C3CCB = {
						CreatedOnToolsVersion = 11.0;
						TestTargetID = 22EEDC6223664472002C3CCB;
					};
				};
			};
			buildConfigurationList = 22EEDC5E23664472002C3CCB /* Build configuration list for PBXProject "Weather" */;
			compatibilityVersion = "Xcode 9.3";
			developmentRegion = en;
			hasScannedForEncodings = 0;
			knownRegions = (
				en,
				Base,
			);
			mainGroup = 22EEDC5A23664472002C3CCB;
			productRefGroup = 22EEDC6423664473002C3CCB /* Products */;
			projectDirPath = "";
			projectRoot = "";
			targets = (
				22EEDC6223664472002C3CCB /* Weather */,
				22EEDC7B23664475002C3CCB /* WeatherTests */,
			);
		};
/* End PBXProject section */

/* Begin PBXResourcesBuildPhase section */
		22EEDC6123664472002C3CCB /* Resources */ = {
			isa = PBXResourcesBuildPhase;
			buildActionMask = 2147483647;
			files = (
				22EEDC7623664475002C3CCB /* LaunchScreen.storyboard in Resources */,
				22EEDC7323664475002C3CCB /* Assets.xcassets in Resources */,
				22EEDC6E23664473002C3CCB /* Main.storyboard in Resources */,
			);
			runOnlyForDeploymentPostprocessing = 0;
		};
		22EEDC7A23664475002C3CCB /* Resources */ = {
			isa = PBXResourcesBuildPhase;
			buildActionMask = 2147483647;
			files = (
			);
			runOnlyForDeploymentPostprocessing = 0;
		};
/* End PBXResourcesBuildPhase section */

/* Begin PBXSourcesBuildPhase section */
		22EEDC5F23664472002C3CCB /* Sources */ = {
			isa = PBXSourcesBuildPhase;
			buildActionMask = 2147483647;
			files = (
				22C6729E23748ADA0026C852 /* LocationViewController.swift in Sources */,
				22E7A88523B1B80900032434 /* AllClothingViewController.swift in Sources */,
				22FFB14623AC1391006DBECB /* AddClothingViewController.swift in Sources */,
				22E7A88323AC312C00032434 /* ClothingCache.swift in Sources */,
				22FFB14423AC1344006DBECB /* WeatherViewController.swift in Sources */,
				22EEDC7123664473002C3CCB /* Weather.xcdatamodeld in Sources */,
				22EEDC6B23664473002C3CCB /* ViewController.swift in Sources */,
				22EEDC6723664473002C3CCB /* AppDelegate.swift in Sources */,
				22EEDC6923664473002C3CCB /* SceneDelegate.swift in Sources */,
				22E7A88723B422DD00032434 /* DeveloperToolsViewController.swift in Sources */,
			);
			runOnlyForDeploymentPostprocessing = 0;
		};
		22EEDC7823664475002C3CCB /* Sources */ = {
			isa = PBXSourcesBuildPhase;
			buildActionMask = 2147483647;
			files = (
				22EEDC8123664475002C3CCB /* WeatherTests.swift in Sources */,
			);
			runOnlyForDeploymentPostprocessing = 0;
		};
/* End PBXSourcesBuildPhase section */

/* Begin PBXTargetDependency section */
		22EEDC7E23664475002C3CCB /* PBXTargetDependency */ = {
			isa = PBXTargetDependency;
			target = 22EEDC6223664472002C3CCB /* Weather */;
			targetProxy = 22EEDC7D23664475002C3CCB /* PBXContainerItemProxy */;
		};
/* End PBXTargetDependency section */

/* Begin PBXVariantGroup section */
		22EEDC6C23664473002C3CCB /* Main.storyboard */ = {
			isa = PBXVariantGroup;
			children = (
				22EEDC6D23664473002C3CCB /* Base */,
			);
			name = Main.storyboard;
			sourceTree = "<group>";
		};
		22EEDC7423664475002C3CCB /* LaunchScreen.storyboard */ = {
			isa = PBXVariantGroup;
			children = (
				22EEDC7523664475002C3CCB /* Base */,
			);
			name = LaunchScreen.storyboard;
			sourceTree = "<group>";
		};
/* End PBXVariantGroup section */

/* Begin XCBuildConfiguration section */
		22EEDC8323664475002C3CCB /* Debug */ = {
			isa = XCBuildConfiguration;
			buildSettings = {
				ALWAYS_SEARCH_USER_PATHS = NO;
				CLANG_ANALYZER_NONNULL = YES;
				CLANG_ANALYZER_NUMBER_OBJECT_CONVERSION = YES_AGGRESSIVE;
				CLANG_CXX_LANGUAGE_STANDARD = "gnu++14";
				CLANG_CXX_LIBRARY = "libc++";
				CLANG_ENABLE_MODULES = YES;
				CLANG_ENABLE_OBJC_ARC = YES;
				CLANG_ENABLE_OBJC_WEAK = YES;
				CLANG_WARN_BLOCK_CAPTURE_AUTORELEASING = YES;
				CLANG_WARN_BOOL_CONVERSION = YES;
				CLANG_WARN_COMMA = YES;
				CLANG_WARN_CONSTANT_CONVERSION = YES;
				CLANG_WARN_DEPRECATED_OBJC_IMPLEMENTATIONS = YES;
				CLANG_WARN_DIRECT_OBJC_ISA_USAGE = YES_ERROR;
				CLANG_WARN_DOCUMENTATION_COMMENTS = YES;
				CLANG_WARN_EMPTY_BODY = YES;
				CLANG_WARN_ENUM_CONVERSION = YES;
				CLANG_WARN_INFINITE_RECURSION = YES;
				CLANG_WARN_INT_CONVERSION = YES;
				CLANG_WARN_NON_LITERAL_NULL_CONVERSION = YES;
				CLANG_WARN_OBJC_IMPLICIT_RETAIN_SELF = YES;
				CLANG_WARN_OBJC_LITERAL_CONVERSION = YES;
				CLANG_WARN_OBJC_ROOT_CLASS = YES_ERROR;
				CLANG_WARN_RANGE_LOOP_ANALYSIS = YES;
				CLANG_WARN_STRICT_PROTOTYPES = YES;
				CLANG_WARN_SUSPICIOUS_MOVE = YES;
				CLANG_WARN_UNGUARDED_AVAILABILITY = YES_AGGRESSIVE;
				CLANG_WARN_UNREACHABLE_CODE = YES;
				CLANG_WARN__DUPLICATE_METHOD_MATCH = YES;
				COPY_PHASE_STRIP = NO;
				DEBUG_INFORMATION_FORMAT = dwarf;
				ENABLE_STRICT_OBJC_MSGSEND = YES;
				ENABLE_TESTABILITY = YES;
				GCC_C_LANGUAGE_STANDARD = gnu11;
				GCC_DYNAMIC_NO_PIC = NO;
				GCC_NO_COMMON_BLOCKS = YES;
				GCC_OPTIMIZATION_LEVEL = 0;
				GCC_PREPROCESSOR_DEFINITIONS = (
					"DEBUG=1",
					"$(inherited)",
				);
				GCC_WARN_64_TO_32_BIT_CONVERSION = YES;
				GCC_WARN_ABOUT_RETURN_TYPE = YES_ERROR;
				GCC_WARN_UNDECLARED_SELECTOR = YES;
				GCC_WARN_UNINITIALIZED_AUTOS = YES_AGGRESSIVE;
				GCC_WARN_UNUSED_FUNCTION = YES;
				GCC_WARN_UNUSED_VARIABLE = YES;
				IPHONEOS_DEPLOYMENT_TARGET = 13.0;
				MTL_ENABLE_DEBUG_INFO = INCLUDE_SOURCE;
				MTL_FAST_MATH = YES;
				ONLY_ACTIVE_ARCH = YES;
				SDKROOT = iphoneos;
				SWIFT_ACTIVE_COMPILATION_CONDITIONS = DEBUG;
				SWIFT_OPTIMIZATION_LEVEL = "-Onone";
			};
			name = Debug;
		};
		22EEDC8423664475002C3CCB /* Release */ = {
			isa = XCBuildConfiguration;
			buildSettings = {
				ALWAYS_SEARCH_USER_PATHS = NO;
				CLANG_ANALYZER_NONNULL = YES;
				CLANG_ANALYZER_NUMBER_OBJECT_CONVERSION = YES_AGGRESSIVE;
				CLANG_CXX_LANGUAGE_STANDARD = "gnu++14";
				CLANG_CXX_LIBRARY = "libc++";
				CLANG_ENABLE_MODULES = YES;
				CLANG_ENABLE_OBJC_ARC = YES;
				CLANG_ENABLE_OBJC_WEAK = YES;
				CLANG_WARN_BLOCK_CAPTURE_AUTORELEASING = YES;
				CLANG_WARN_BOOL_CONVERSION = YES;
				CLANG_WARN_COMMA = YES;
				CLANG_WARN_CONSTANT_CONVERSION = YES;
				CLANG_WARN_DEPRECATED_OBJC_IMPLEMENTATIONS = YES;
				CLANG_WARN_DIRECT_OBJC_ISA_USAGE = YES_ERROR;
				CLANG_WARN_DOCUMENTATION_COMMENTS = YES;
				CLANG_WARN_EMPTY_BODY = YES;
				CLANG_WARN_ENUM_CONVERSION = YES;
				CLANG_WARN_INFINITE_RECURSION = YES;
				CLANG_WARN_INT_CONVERSION = YES;
				CLANG_WARN_NON_LITERAL_NULL_CONVERSION = YES;
				CLANG_WARN_OBJC_IMPLICIT_RETAIN_SELF = YES;
				CLANG_WARN_OBJC_LITERAL_CONVERSION = YES;
				CLANG_WARN_OBJC_ROOT_CLASS = YES_ERROR;
				CLANG_WARN_RANGE_LOOP_ANALYSIS = YES;
				CLANG_WARN_STRICT_PROTOTYPES = YES;
				CLANG_WARN_SUSPICIOUS_MOVE = YES;
				CLANG_WARN_UNGUARDED_AVAILABILITY = YES_AGGRESSIVE;
				CLANG_WARN_UNREACHABLE_CODE = YES;
				CLANG_WARN__DUPLICATE_METHOD_MATCH = YES;
				COPY_PHASE_STRIP = NO;
				DEBUG_INFORMATION_FORMAT = "dwarf-with-dsym";
				ENABLE_NS_ASSERTIONS = NO;
				ENABLE_STRICT_OBJC_MSGSEND = YES;
				GCC_C_LANGUAGE_STANDARD = gnu11;
				GCC_NO_COMMON_BLOCKS = YES;
				GCC_WARN_64_TO_32_BIT_CONVERSION = YES;
				GCC_WARN_ABOUT_RETURN_TYPE = YES_ERROR;
				GCC_WARN_UNDECLARED_SELECTOR = YES;
				GCC_WARN_UNINITIALIZED_AUTOS = YES_AGGRESSIVE;
				GCC_WARN_UNUSED_FUNCTION = YES;
				GCC_WARN_UNUSED_VARIABLE = YES;
				IPHONEOS_DEPLOYMENT_TARGET = 13.0;
				MTL_ENABLE_DEBUG_INFO = NO;
				MTL_FAST_MATH = YES;
				SDKROOT = iphoneos;
				SWIFT_COMPILATION_MODE = wholemodule;
				SWIFT_OPTIMIZATION_LEVEL = "-O";
				VALIDATE_PRODUCT = YES;
			};
			name = Release;
		};
		22EEDC8623664475002C3CCB /* Debug */ = {
			isa = XCBuildConfiguration;
			buildSettings = {
				ASSETCATALOG_COMPILER_APPICON_NAME = AppIcon;
				CODE_SIGN_STYLE = Automatic;
				DEVELOPMENT_TEAM = 365EFABYV4;
				INFOPLIST_FILE = Weather/Info.plist;
				LD_RUNPATH_SEARCH_PATHS = (
					"$(inherited)",
					"@executable_path/Frameworks",
				);
				PRODUCT_BUNDLE_IDENTIFIER = com.example.NNWeather;
				PRODUCT_NAME = "$(TARGET_NAME)";
				SWIFT_VERSION = 5.0;
				TARGETED_DEVICE_FAMILY = "1,2";
			};
			name = Debug;
		};
		22EEDC8723664475002C3CCB /* Release */ = {
			isa = XCBuildConfiguration;
			buildSettings = {
				ASSETCATALOG_COMPILER_APPICON_NAME = AppIcon;
				CODE_SIGN_STYLE = Automatic;
				DEVELOPMENT_TEAM = 365EFABYV4;
				INFOPLIST_FILE = Weather/Info.plist;
				LD_RUNPATH_SEARCH_PATHS = (
					"$(inherited)",
					"@executable_path/Frameworks",
				);
				PRODUCT_BUNDLE_IDENTIFIER = com.example.NNWeather;
				PRODUCT_NAME = "$(TARGET_NAME)";
				SWIFT_VERSION = 5.0;
				TARGETED_DEVICE_FAMILY = "1,2";
			};
			name = Release;
		};
		22EEDC8923664475002C3CCB /* Debug */ = {
			isa = XCBuildConfiguration;
			buildSettings = {
				ALWAYS_EMBED_SWIFT_STANDARD_LIBRARIES = YES;
				BUNDLE_LOADER = "$(TEST_HOST)";
				CODE_SIGN_STYLE = Automatic;
				DEVELOPMENT_TEAM = 365EFABYV4;
				INFOPLIST_FILE = WeatherTests/Info.plist;
				IPHONEOS_DEPLOYMENT_TARGET = 13.0;
				LD_RUNPATH_SEARCH_PATHS = (
					"$(inherited)",
					"@executable_path/Frameworks",
					"@loader_path/Frameworks",
				);
				PRODUCT_BUNDLE_IDENTIFIER = com.example.WeatherTests;
				PRODUCT_NAME = "$(TARGET_NAME)";
				SWIFT_VERSION = 5.0;
				TARGETED_DEVICE_FAMILY = "1,2";
				TEST_HOST = "$(BUILT_PRODUCTS_DIR)/Weather.app/Weather";
			};
			name = Debug;
		};
		22EEDC8A23664475002C3CCB /* Release */ = {
			isa = XCBuildConfiguration;
			buildSettings = {
				ALWAYS_EMBED_SWIFT_STANDARD_LIBRARIES = YES;
				BUNDLE_LOADER = "$(TEST_HOST)";
				CODE_SIGN_STYLE = Automatic;
				DEVELOPMENT_TEAM = 365EFABYV4;
				INFOPLIST_FILE = WeatherTests/Info.plist;
				IPHONEOS_DEPLOYMENT_TARGET = 13.0;
				LD_RUNPATH_SEARCH_PATHS = (
					"$(inherited)",
					"@executable_path/Frameworks",
					"@loader_path/Frameworks",
				);
				PRODUCT_BUNDLE_IDENTIFIER = com.example.WeatherTests;
				PRODUCT_NAME = "$(TARGET_NAME)";
				SWIFT_VERSION = 5.0;
				TARGETED_DEVICE_FAMILY = "1,2";
				TEST_HOST = "$(BUILT_PRODUCTS_DIR)/Weather.app/Weather";
			};
			name = Release;
		};
/* End XCBuildConfiguration section */

/* Begin XCConfigurationList section */
		22EEDC5E23664472002C3CCB /* Build configuration list for PBXProject "Weather" */ = {
			isa = XCConfigurationList;
			buildConfigurations = (
				22EEDC8323664475002C3CCB /* Debug */,
				22EEDC8423664475002C3CCB /* Release */,
			);
			defaultConfigurationIsVisible = 0;
			defaultConfigurationName = Release;
		};
		22EEDC8523664475002C3CCB /* Build configuration list for PBXNativeTarget "Weather" */ = {
			isa = XCConfigurationList;
			buildConfigurations = (
				22EEDC8623664475002C3CCB /* Debug */,
				22EEDC8723664475002C3CCB /* Release */,
			);
			defaultConfigurationIsVisible = 0;
			defaultConfigurationName = Release;
		};
		22EEDC8823664475002C3CCB /* Build configuration list for PBXNativeTarget "WeatherTests" */ = {
			isa = XCConfigurationList;
			buildConfigurations = (
				22EEDC8923664475002C3CCB /* Debug */,
				22EEDC8A23664475002C3CCB /* Release */,
			);
			defaultConfigurationIsVisible = 0;
			defaultConfigurationName = Release;
		};
/* End XCConfigurationList section */

/* Begin XCVersionGroup section */
		22EEDC6F23664473002C3CCB /* Weather.xcdatamodeld */ = {
			isa = XCVersionGroup;
			children = (
				22EEDC7023664473002C3CCB /* Weather.xcdatamodel */,
			);
			currentVersion = 22EEDC7023664473002C3CCB /* Weather.xcdatamodel */;
			path = Weather.xcdatamodeld;
			sourceTree = "<group>";
			versionGroupType = wrapper.xcdatamodel;
		};
/* End XCVersionGroup section */
	};
	rootObject = 22EEDC5B23664472002C3CCB /* Project object */;
}
